// !$*UTF8*$!
{
	archiveVersion = 1;
	classes = {
	};
	objectVersion = 56;
	objects = {

/* Begin PBXBuildFile section */
		CD83F5E52C4D70F000D04900 /* AppDelegate.swift in Sources */ = {isa = PBXBuildFile; fileRef = CD83F5E42C4D70F000D04900 /* AppDelegate.swift */; };
		CD83F5E72C4D70F000D04900 /* SceneDelegate.swift in Sources */ = {isa = PBXBuildFile; fileRef = CD83F5E62C4D70F000D04900 /* SceneDelegate.swift */; };
		CD83F5E92C4D70F000D04900 /* ViewController.swift in Sources */ = {isa = PBXBuildFile; fileRef = CD83F5E82C4D70F000D04900 /* ViewController.swift */; };
		CD83F5EC2C4D70F000D04900 /* Base in Resources */ = {isa = PBXBuildFile; fileRef = CD83F5EB2C4D70F000D04900 /* Base */; };
		CD83F5EE2C4D70F300D04900 /* Assets.xcassets in Resources */ = {isa = PBXBuildFile; fileRef = CD83F5ED2C4D70F300D04900 /* Assets.xcassets */; };
		CD83F5F12C4D70F300D04900 /* Base in Resources */ = {isa = PBXBuildFile; fileRef = CD83F5F02C4D70F300D04900 /* Base */; };
		CD83F5F92C4DAA1800D04900 /* PhotoAppView.swift in Sources */ = {isa = PBXBuildFile; fileRef = CD83F5F82C4DAA1800D04900 /* PhotoAppView.swift */; };
		CD84FCF12C4EC866009F311E /* ShutterAnimation.swift in Sources */ = {isa = PBXBuildFile; fileRef = CD84FCF02C4EC866009F311E /* ShutterAnimation.swift */; };
		CD84FCF32C4EFC58009F311E /* PhotoAppFront.swift in Sources */ = {isa = PBXBuildFile; fileRef = CD84FCF22C4EFC58009F311E /* PhotoAppFront.swift */; };
		CD84FCF52C4F054E009F311E /* SlideTransition.swift in Sources */ = {isa = PBXBuildFile; fileRef = CD84FCF42C4F054E009F311E /* SlideTransition.swift */; };
/* End PBXBuildFile section */

/* Begin PBXFileReference section */
		CD83F5E12C4D70F000D04900 /* PhotoApp.app */ = {isa = PBXFileReference; explicitFileType = wrapper.application; includeInIndex = 0; path = PhotoApp.app; sourceTree = BUILT_PRODUCTS_DIR; };
		CD83F5E42C4D70F000D04900 /* AppDelegate.swift */ = {isa = PBXFileReference; lastKnownFileType = sourcecode.swift; path = AppDelegate.swift; sourceTree = "<group>"; };
		CD83F5E62C4D70F000D04900 /* SceneDelegate.swift */ = {isa = PBXFileReference; lastKnownFileType = sourcecode.swift; path = SceneDelegate.swift; sourceTree = "<group>"; };
		CD83F5E82C4D70F000D04900 /* ViewController.swift */ = {isa = PBXFileReference; lastKnownFileType = sourcecode.swift; path = ViewController.swift; sourceTree = "<group>"; };
		CD83F5EB2C4D70F000D04900 /* Base */ = {isa = PBXFileReference; lastKnownFileType = file.storyboard; name = Base; path = Base.lproj/Main.storyboard; sourceTree = "<group>"; };
		CD83F5ED2C4D70F300D04900 /* Assets.xcassets */ = {isa = PBXFileReference; lastKnownFileType = folder.assetcatalog; path = Assets.xcassets; sourceTree = "<group>"; };
		CD83F5F02C4D70F300D04900 /* Base */ = {isa = PBXFileReference; lastKnownFileType = file.storyboard; name = Base; path = Base.lproj/LaunchScreen.storyboard; sourceTree = "<group>"; };
		CD83F5F22C4D70F300D04900 /* Info.plist */ = {isa = PBXFileReference; lastKnownFileType = text.plist.xml; path = Info.plist; sourceTree = "<group>"; };
		CD83F5F82C4DAA1800D04900 /* PhotoAppView.swift */ = {isa = PBXFileReference; lastKnownFileType = sourcecode.swift; path = PhotoAppView.swift; sourceTree = "<group>"; };
		CD84FCF02C4EC866009F311E /* ShutterAnimation.swift */ = {isa = PBXFileReference; lastKnownFileType = sourcecode.swift; path = ShutterAnimation.swift; sourceTree = "<group>"; };
		CD84FCF22C4EFC58009F311E /* PhotoAppFront.swift */ = {isa = PBXFileReference; lastKnownFileType = sourcecode.swift; path = PhotoAppFront.swift; sourceTree = "<group>"; };
		CD84FCF42C4F054E009F311E /* SlideTransition.swift */ = {isa = PBXFileReference; lastKnownFileType = sourcecode.swift; path = SlideTransition.swift; sourceTree = "<group>"; };
/* End PBXFileReference section */

/* Begin PBXFrameworksBuildPhase section */
		CD83F5DE2C4D70F000D04900 /* Frameworks */ = {
			isa = PBXFrameworksBuildPhase;
			buildActionMask = 2147483647;
			files = (
			);
			runOnlyForDeploymentPostprocessing = 0;
		};
/* End PBXFrameworksBuildPhase section */

/* Begin PBXGroup section */
		CD83F5D82C4D70EF00D04900 = {
			isa = PBXGroup;
			children = (
				CD84FCF02C4EC866009F311E /* ShutterAnimation.swift */,
				CD83F5E32C4D70F000D04900 /* PhotoApp */,
				CD83F5E22C4D70F000D04900 /* Products */,
			);
			sourceTree = "<group>";
		};
		CD83F5E22C4D70F000D04900 /* Products */ = {
			isa = PBXGroup;
			children = (
				CD83F5E12C4D70F000D04900 /* PhotoApp.app */,
			);
			name = Products;
			sourceTree = "<group>";
		};
		CD83F5E32C4D70F000D04900 /* PhotoApp */ = {
			isa = PBXGroup;
			children = (
				CD83F5E42C4D70F000D04900 /* AppDelegate.swift */,
				CD83F5E62C4D70F000D04900 /* SceneDelegate.swift */,
				CD83F5E82C4D70F000D04900 /* ViewController.swift */,
				CD84FCF22C4EFC58009F311E /* PhotoAppFront.swift */,
				CD83F5F82C4DAA1800D04900 /* PhotoAppView.swift */,
				CD83F5EA2C4D70F000D04900 /* Main.storyboard */,
				CD83F5ED2C4D70F300D04900 /* Assets.xcassets */,
				CD83F5EF2C4D70F300D04900 /* LaunchScreen.storyboard */,
				CD83F5F22C4D70F300D04900 /* Info.plist */,
				CD84FCF42C4F054E009F311E /* SlideTransition.swift */,
			);
			path = PhotoApp;
			sourceTree = "<group>";
		};
/* End PBXGroup section */

/* Begin PBXNativeTarget section */
		CD83F5E02C4D70F000D04900 /* PhotoApp */ = {
			isa = PBXNativeTarget;
			buildConfigurationList = CD83F5F52C4D70F300D04900 /* Build configuration list for PBXNativeTarget "PhotoApp" */;
			buildPhases = (
				CD83F5DD2C4D70F000D04900 /* Sources */,
				CD83F5DE2C4D70F000D04900 /* Frameworks */,
				CD83F5DF2C4D70F000D04900 /* Resources */,
			);
			buildRules = (
			);
			dependencies = (
			);
			name = PhotoApp;
			productName = PhotoApp;
			productReference = CD83F5E12C4D70F000D04900 /* PhotoApp.app */;
			productType = "com.apple.product-type.application";
		};
/* End PBXNativeTarget section */

/* Begin PBXProject section */
		CD83F5D92C4D70F000D04900 /* Project object */ = {
			isa = PBXProject;
			attributes = {
				BuildIndependentTargetsInParallel = 1;
				LastSwiftUpdateCheck = 1540;
				LastUpgradeCheck = 1540;
				TargetAttributes = {
					CD83F5E02C4D70F000D04900 = {
						CreatedOnToolsVersion = 15.4;
					};
				};
			};
			buildConfigurationList = CD83F5DC2C4D70F000D04900 /* Build configuration list for PBXProject "PhotoApp" */;
			compatibilityVersion = "Xcode 14.0";
			developmentRegion = en;
			hasScannedForEncodings = 0;
			knownRegions = (
				en,
				Base,
			);
			mainGroup = CD83F5D82C4D70EF00D04900;
			productRefGroup = CD83F5E22C4D70F000D04900 /* Products */;
			projectDirPath = "";
			projectRoot = "";
			targets = (
				CD83F5E02C4D70F000D04900 /* PhotoApp */,
			);
		};
/* End PBXProject section */

/* Begin PBXResourcesBuildPhase section */
		CD83F5DF2C4D70F000D04900 /* Resources */ = {
			isa = PBXResourcesBuildPhase;
			buildActionMask = 2147483647;
			files = (
				CD83F5EE2C4D70F300D04900 /* Assets.xcassets in Resources */,
				CD83F5F12C4D70F300D04900 /* Base in Resources */,
				CD83F5EC2C4D70F000D04900 /* Base in Resources */,
			);
			runOnlyForDeploymentPostprocessing = 0;
		};
/* End PBXResourcesBuildPhase section */

/* Begin PBXSourcesBuildPhase section */
		CD83F5DD2C4D70F000D04900 /* Sources */ = {
			isa = PBXSourcesBuildPhase;
			buildActionMask = 2147483647;
			files = (
				CD84FCF52C4F054E009F311E /* SlideTransition.swift in Sources */,
				CD83F5E92C4D70F000D04900 /* ViewController.swift in Sources */,
				CD83F5E52C4D70F000D04900 /* AppDelegate.swift in Sources */,
				CD84FCF32C4EFC58009F311E /* PhotoAppFront.swift in Sources */,
				CD83F5E72C4D70F000D04900 /* SceneDelegate.swift in Sources */,
				CD83F5F92C4DAA1800D04900 /* PhotoAppView.swift in Sources */,
				CD84FCF12C4EC866009F311E /* ShutterAnimation.swift in Sources */,
			);
			runOnlyForDeploymentPostprocessing = 0;
		};
/* End PBXSourcesBuildPhase section */

/* Begin PBXVariantGroup section */
		CD83F5EA2C4D70F000D04900 /* Main.storyboard */ = {
			isa = PBXVariantGroup;
			children = (
				CD83F5EB2C4D70F000D04900 /* Base */,
			);
			name = Main.storyboard;
			sourceTree = "<group>";
		};
		CD83F5EF2C4D70F300D04900 /* LaunchScreen.storyboard */ = {
			isa = PBXVariantGroup;
			children = (
				CD83F5F02C4D70F300D04900 /* Base */,
			);
			name = LaunchScreen.storyboard;
			sourceTree = "<group>";
		};
/* End PBXVariantGroup section */

/* Begin XCBuildConfiguration section */
		CD83F5F32C4D70F300D04900 /* Debug */ = {
			isa = XCBuildConfiguration;
			buildSettings = {
				ALWAYS_SEARCH_USER_PATHS = NO;
				ASSETCATALOG_COMPILER_GENERATE_SWIFT_ASSET_SYMBOL_EXTENSIONS = YES;
				CLANG_ANALYZER_NONNULL = YES;
				CLANG_ANALYZER_NUMBER_OBJECT_CONVERSION = YES_AGGRESSIVE;
				CLANG_CXX_LANGUAGE_STANDARD = "gnu++20";
				CLANG_ENABLE_MODULES = YES;
				CLANG_ENABLE_OBJC_ARC = YES;
				CLANG_ENABLE_OBJC_WEAK = YES;
				CLANG_WARN_BLOCK_CAPTURE_AUTORELEASING = YES;
				CLANG_WARN_BOOL_CONVERSION = YES;
				CLANG_WARN_COMMA = YES;
				CLANG_WARN_CONSTANT_CONVERSION = YES;
				CLANG_WARN_DEPRECATED_OBJC_IMPLEMENTATIONS = YES;
				CLANG_WARN_DIRECT_OBJC_ISA_USAGE = YES_ERROR;
				CLANG_WARN_DOCUMENTATION_COMMENTS = YES;
				CLANG_WARN_EMPTY_BODY = YES;
				CLANG_WARN_ENUM_CONVERSION = YES;
				CLANG_WARN_INFINITE_RECURSION = YES;
				CLANG_WARN_INT_CONVERSION = YES;
				CLANG_WARN_NON_LITERAL_NULL_CONVERSION = YES;
				CLANG_WARN_OBJC_IMPLICIT_RETAIN_SELF = YES;
				CLANG_WARN_OBJC_LITERAL_CONVERSION = YES;
				CLANG_WARN_OBJC_ROOT_CLASS = YES_ERROR;
				CLANG_WARN_QUOTED_INCLUDE_IN_FRAMEWORK_HEADER = YES;
				CLANG_WARN_RANGE_LOOP_ANALYSIS = YES;
				CLANG_WARN_STRICT_PROTOTYPES = YES;
				CLANG_WARN_SUSPICIOUS_MOVE = YES;
				CLANG_WARN_UNGUARDED_AVAILABILITY = YES_AGGRESSIVE;
				CLANG_WARN_UNREACHABLE_CODE = YES;
				CLANG_WARN__DUPLICATE_METHOD_MATCH = YES;
				COPY_PHASE_STRIP = NO;
				DEBUG_INFORMATION_FORMAT = dwarf;
				ENABLE_STRICT_OBJC_MSGSEND = YES;
				ENABLE_TESTABILITY = YES;
				ENABLE_USER_SCRIPT_SANDBOXING = YES;
				GCC_C_LANGUAGE_STANDARD = gnu17;
				GCC_DYNAMIC_NO_PIC = NO;
				GCC_NO_COMMON_BLOCKS = YES;
				GCC_OPTIMIZATION_LEVEL = 0;
				GCC_PREPROCESSOR_DEFINITIONS = (
					"DEBUG=1",
					"$(inherited)",
				);
				GCC_WARN_64_TO_32_BIT_CONVERSION = YES;
				GCC_WARN_ABOUT_RETURN_TYPE = YES_ERROR;
				GCC_WARN_UNDECLARED_SELECTOR = YES;
				GCC_WARN_UNINITIALIZED_AUTOS = YES_AGGRESSIVE;
				GCC_WARN_UNUSED_FUNCTION = YES;
				GCC_WARN_UNUSED_VARIABLE = YES;
				IPHONEOS_DEPLOYMENT_TARGET = 17.5;
				LOCALIZATION_PREFERS_STRING_CATALOGS = YES;
				MTL_ENABLE_DEBUG_INFO = INCLUDE_SOURCE;
				MTL_FAST_MATH = YES;
				ONLY_ACTIVE_ARCH = YES;
				SDKROOT = iphoneos;
				SWIFT_ACTIVE_COMPILATION_CONDITIONS = "DEBUG $(inherited)";
				SWIFT_OPTIMIZATION_LEVEL = "-Onone";
			};
			name = Debug;
		};
		CD83F5F42C4D70F300D04900 /* Release */ = {
			isa = XCBuildConfiguration;
			buildSettings = {
				ALWAYS_SEARCH_USER_PATHS = NO;
				ASSETCATALOG_COMPILER_GENERATE_SWIFT_ASSET_SYMBOL_EXTENSIONS = YES;
				CLANG_ANALYZER_NONNULL = YES;
				CLANG_ANALYZER_NUMBER_OBJECT_CONVERSION = YES_AGGRESSIVE;
				CLANG_CXX_LANGUAGE_STANDARD = "gnu++20";
				CLANG_ENABLE_MODULES = YES;
				CLANG_ENABLE_OBJC_ARC = YES;
				CLANG_ENABLE_OBJC_WEAK = YES;
				CLANG_WARN_BLOCK_CAPTURE_AUTORELEASING = YES;
				CLANG_WARN_BOOL_CONVERSION = YES;
				CLANG_WARN_COMMA = YES;
				CLANG_WARN_CONSTANT_CONVERSION = YES;
				CLANG_WARN_DEPRECATED_OBJC_IMPLEMENTATIONS = YES;
				CLANG_WARN_DIRECT_OBJC_ISA_USAGE = YES_ERROR;
				CLANG_WARN_DOCUMENTATION_COMMENTS = YES;
				CLANG_WARN_EMPTY_BODY = YES;
				CLANG_WARN_ENUM_CONVERSION = YES;
				CLANG_WARN_INFINITE_RECURSION = YES;
				CLANG_WARN_INT_CONVERSION = YES;
				CLANG_WARN_NON_LITERAL_NULL_CONVERSION = YES;
				CLANG_WARN_OBJC_IMPLICIT_RETAIN_SELF = YES;
				CLANG_WARN_OBJC_LITERAL_CONVERSION = YES;
				CLANG_WARN_OBJC_ROOT_CLASS = YES_ERROR;
				CLANG_WARN_QUOTED_INCLUDE_IN_FRAMEWORK_HEADER = YES;
				CLANG_WARN_RANGE_LOOP_ANALYSIS = YES;
				CLANG_WARN_STRICT_PROTOTYPES = YES;
				CLANG_WARN_SUSPICIOUS_MOVE = YES;
				CLANG_WARN_UNGUARDED_AVAILABILITY = YES_AGGRESSIVE;
				CLANG_WARN_UNREACHABLE_CODE = YES;
				CLANG_WARN__DUPLICATE_METHOD_MATCH = YES;
				COPY_PHASE_STRIP = NO;
				DEBUG_INFORMATION_FORMAT = "dwarf-with-dsym";
				ENABLE_NS_ASSERTIONS = NO;
				ENABLE_STRICT_OBJC_MSGSEND = YES;
				ENABLE_USER_SCRIPT_SANDBOXING = YES;
				GCC_C_LANGUAGE_STANDARD = gnu17;
				GCC_NO_COMMON_BLOCKS = YES;
				GCC_WARN_64_TO_32_BIT_CONVERSION = YES;
				GCC_WARN_ABOUT_RETURN_TYPE = YES_ERROR;
				GCC_WARN_UNDECLARED_SELECTOR = YES;
				GCC_WARN_UNINITIALIZED_AUTOS = YES_AGGRESSIVE;
				GCC_WARN_UNUSED_FUNCTION = YES;
				GCC_WARN_UNUSED_VARIABLE = YES;
				IPHONEOS_DEPLOYMENT_TARGET = 17.5;
				LOCALIZATION_PREFERS_STRING_CATALOGS = YES;
				MTL_ENABLE_DEBUG_INFO = NO;
				MTL_FAST_MATH = YES;
				SDKROOT = iphoneos;
				SWIFT_COMPILATION_MODE = wholemodule;
				VALIDATE_PRODUCT = YES;
			};
			name = Release;
		};
		CD83F5F62C4D70F300D04900 /* Debug */ = {
			isa = XCBuildConfiguration;
			buildSettings = {
				ASSETCATALOG_COMPILER_APPICON_NAME = AppIcon;
				ASSETCATALOG_COMPILER_GLOBAL_ACCENT_COLOR_NAME = AccentColor;
				CODE_SIGN_STYLE = Automatic;
				CURRENT_PROJECT_VERSION = 1;
				DEVELOPMENT_TEAM = MZGVVRYJXL;
				GENERATE_INFOPLIST_FILE = YES;
				INFOPLIST_FILE = PhotoApp/Info.plist;
				INFOPLIST_KEY_UIApplicationSupportsIndirectInputEvents = YES;
				INFOPLIST_KEY_UILaunchStoryboardName = LaunchScreen;
				INFOPLIST_KEY_UIMainStoryboardFile = Main;
				INFOPLIST_KEY_UISupportedInterfaceOrientations_iPad = "UIInterfaceOrientationPortrait UIInterfaceOrientationPortraitUpsideDown UIInterfaceOrientationLandscapeLeft UIInterfaceOrientationLandscapeRight";
				INFOPLIST_KEY_UISupportedInterfaceOrientations_iPhone = "UIInterfaceOrientationPortrait UIInterfaceOrientationLandscapeLeft UIInterfaceOrientationLandscapeRight";
				LD_RUNPATH_SEARCH_PATHS = (
					"$(inherited)",
					"@executable_path/Frameworks",
				);
				MARKETING_VERSION = 1.0;
				PRODUCT_BUNDLE_IDENTIFIER = abraham.PhotoApp;
				PRODUCT_NAME = "$(TARGET_NAME)";
				SWIFT_EMIT_LOC_STRINGS = YES;
				SWIFT_VERSION = 5.0;
				TARGETED_DEVICE_FAMILY = "1,2";
			};
			name = Debug;
		};
		CD83F5F72C4D70F300D04900 /* Release */ = {
			isa = XCBuildConfiguration;
			buildSettings = {
				ASSETCATALOG_COMPILER_APPICON_NAME = AppIcon;
				ASSETCATALOG_COMPILER_GLOBAL_ACCENT_COLOR_NAME = AccentColor;
				CODE_SIGN_STYLE = Automatic;
				CURRENT_PROJECT_VERSION = 1;
				DEVELOPMENT_TEAM = MZGVVRYJXL;
				GENERATE_INFOPLIST_FILE = YES;
				INFOPLIST_FILE = PhotoApp/Info.plist;
				INFOPLIST_KEY_UIApplicationSupportsIndirectInputEvents = YES;
				INFOPLIST_KEY_UILaunchStoryboardName = LaunchScreen;
				INFOPLIST_KEY_UIMainStoryboardFile = Main;
				INFOPLIST_KEY_UISupportedInterfaceOrientations_iPad = "UIInterfaceOrientationPortrait UIInterfaceOrientationPortraitUpsideDown UIInterfaceOrientationLandscapeLeft UIInterfaceOrientationLandscapeRight";
				INFOPLIST_KEY_UISupportedInterfaceOrientations_iPhone = "UIInterfaceOrientationPortrait UIInterfaceOrientationLandscapeLeft UIInterfaceOrientationLandscapeRight";
				LD_RUNPATH_SEARCH_PATHS = (
					"$(inherited)",
					"@executable_path/Frameworks",
				);
				MARKETING_VERSION = 1.0;
				PRODUCT_BUNDLE_IDENTIFIER = abraham.PhotoApp;
				PRODUCT_NAME = "$(TARGET_NAME)";
				SWIFT_EMIT_LOC_STRINGS = YES;
				SWIFT_VERSION = 5.0;
				TARGETED_DEVICE_FAMILY = "1,2";
			};
			name = Release;
		};
/* End XCBuildConfiguration section */

/* Begin XCConfigurationList section */
		CD83F5DC2C4D70F000D04900 /* Build configuration list for PBXProject "PhotoApp" */ = {
			isa = XCConfigurationList;
			buildConfigurations = (
				CD83F5F32C4D70F300D04900 /* Debug */,
				CD83F5F42C4D70F300D04900 /* Release */,
			);
			defaultConfigurationIsVisible = 0;
			defaultConfigurationName = Release;
		};
		CD83F5F52C4D70F300D04900 /* Build configuration list for PBXNativeTarget "PhotoApp" */ = {
			isa = XCConfigurationList;
			buildConfigurations = (
				CD83F5F62C4D70F300D04900 /* Debug */,
				CD83F5F72C4D70F300D04900 /* Release */,
			);
			defaultConfigurationIsVisible = 0;
			defaultConfigurationName = Release;
		};
/* End XCConfigurationList section */
	};
	rootObject = CD83F5D92C4D70F000D04900 /* Project object */;
}
